
Microsoft Visual Studio Solution File, Format Version 12.00
# Visual Studio 15
VisualStudioVersion = 15.0.27130.2036
MinimumVisualStudioVersion = 10.0.40219.1
Project("{8BC9CEB8-8B4A-11D0-8D11-00A0C91BC942}") = "Input", "Src\Input\Input.vcxproj", "{CC8A7D9B-A715-43D8-A985-83A6B07C4918}"
	ProjectSection(ProjectDependencies) = postProject
		{E8B12D25-C8B0-4D3A-8029-5335E28E2D4E} = {E8B12D25-C8B0-4D3A-8029-5335E28E2D4E}
	EndProjectSection
EndProject
Project("{8BC9CEB8-8B4A-11D0-8D11-00A0C91BC942}") = "TestApp", "Src\TestApp\TestApp.vcxproj", "{CB2E7052-F6E6-4546-AEEF-DDFF1D5CB072}"
	ProjectSection(ProjectDependencies) = postProject
		{E8B12D25-C8B0-4D3A-8029-5335E28E2D4E} = {E8B12D25-C8B0-4D3A-8029-5335E28E2D4E}
		{0B90EA6B-B7E2-46A3-9FC2-482231F93166} = {0B90EA6B-B7E2-46A3-9FC2-482231F93166}
		{CA24838E-DA21-4D5E-BA8F-2AC687D9FB21} = {CA24838E-DA21-4D5E-BA8F-2AC687D9FB21}
		{CC8A7D9B-A715-43D8-A985-83A6B07C4918} = {CC8A7D9B-A715-43D8-A985-83A6B07C4918}
		{F4984C9F-5B19-4E2C-A0C8-76FD75251DDC} = {F4984C9F-5B19-4E2C-A0C8-76FD75251DDC}
	EndProjectSection
EndProject
Project("{8BC9CEB8-8B4A-11D0-8D11-00A0C91BC942}") = "Renderer", "Src\Renderer\Renderer.vcxproj", "{0B90EA6B-B7E2-46A3-9FC2-482231F93166}"
	ProjectSection(ProjectDependencies) = postProject
		{E8B12D25-C8B0-4D3A-8029-5335E28E2D4E} = {E8B12D25-C8B0-4D3A-8029-5335E28E2D4E}
		{CA24838E-DA21-4D5E-BA8F-2AC687D9FB21} = {CA24838E-DA21-4D5E-BA8F-2AC687D9FB21}
		{CC8A7D9B-A715-43D8-A985-83A6B07C4918} = {CC8A7D9B-A715-43D8-A985-83A6B07C4918}
	EndProjectSection
EndProject
Project("{8BC9CEB8-8B4A-11D0-8D11-00A0C91BC942}") = "Core", "Src\Core\Core.vcxproj", "{CA24838E-DA21-4D5E-BA8F-2AC687D9FB21}"
	ProjectSection(ProjectDependencies) = postProject
		{E8B12D25-C8B0-4D3A-8029-5335E28E2D4E} = {E8B12D25-C8B0-4D3A-8029-5335E28E2D4E}
	EndProjectSection
EndProject
Project("{8BC9CEB8-8B4A-11D0-8D11-00A0C91BC942}") = "Utility", "Src\Utility\Utility.vcxproj", "{E8B12D25-C8B0-4D3A-8029-5335E28E2D4E}"
EndProject
Project("{8BC9CEB8-8B4A-11D0-8D11-00A0C91BC942}") = "UnitTests", "UnitTests\UnitTests.vcxproj", "{03ADA256-BD6C-4A51-BA9B-E4DD250826BA}"
	ProjectSection(ProjectDependencies) = postProject
		{E8B12D25-C8B0-4D3A-8029-5335E28E2D4E} = {E8B12D25-C8B0-4D3A-8029-5335E28E2D4E}
		{0B90EA6B-B7E2-46A3-9FC2-482231F93166} = {0B90EA6B-B7E2-46A3-9FC2-482231F93166}
		{CA24838E-DA21-4D5E-BA8F-2AC687D9FB21} = {CA24838E-DA21-4D5E-BA8F-2AC687D9FB21}
		{CC8A7D9B-A715-43D8-A985-83A6B07C4918} = {CC8A7D9B-A715-43D8-A985-83A6B07C4918}
		{F4984C9F-5B19-4E2C-A0C8-76FD75251DDC} = {F4984C9F-5B19-4E2C-A0C8-76FD75251DDC}
	EndProjectSection
EndProject
Project("{8BC9CEB8-8B4A-11D0-8D11-00A0C91BC942}") = "Engine", "Src\Engine\Engine.vcxproj", "{F4984C9F-5B19-4E2C-A0C8-76FD75251DDC}"
	ProjectSection(ProjectDependencies) = postProject
		{E8B12D25-C8B0-4D3A-8029-5335E28E2D4E} = {E8B12D25-C8B0-4D3A-8029-5335E28E2D4E}
		{0B90EA6B-B7E2-46A3-9FC2-482231F93166} = {0B90EA6B-B7E2-46A3-9FC2-482231F93166}
		{CA24838E-DA21-4D5E-BA8F-2AC687D9FB21} = {CA24838E-DA21-4D5E-BA8F-2AC687D9FB21}
		{CC8A7D9B-A715-43D8-A985-83A6B07C4918} = {CC8A7D9B-A715-43D8-A985-83A6B07C4918}
	EndProjectSection
EndProject
Global
	GlobalSection(SolutionConfigurationPlatforms) = preSolution
		Debug|x64 = Debug|x64
		Debug|x86 = Debug|x86
		Release|x64 = Release|x64
		Release|x86 = Release|x86
	EndGlobalSection
	GlobalSection(ProjectConfigurationPlatforms) = postSolution
		{CC8A7D9B-A715-43D8-A985-83A6B07C4918}.Debug|x64.ActiveCfg = Debug|x64
		{CC8A7D9B-A715-43D8-A985-83A6B07C4918}.Debug|x64.Build.0 = Debug|x64
		{CC8A7D9B-A715-43D8-A985-83A6B07C4918}.Debug|x86.ActiveCfg = Debug|Win32
		{CC8A7D9B-A715-43D8-A985-83A6B07C4918}.Debug|x86.Build.0 = Debug|Win32
		{CC8A7D9B-A715-43D8-A985-83A6B07C4918}.Release|x64.ActiveCfg = Release|x64
		{CC8A7D9B-A715-43D8-A985-83A6B07C4918}.Release|x64.Build.0 = Release|x64
		{CC8A7D9B-A715-43D8-A985-83A6B07C4918}.Release|x86.ActiveCfg = Release|Win32
		{CC8A7D9B-A715-43D8-A985-83A6B07C4918}.Release|x86.Build.0 = Release|Win32
		{CB2E7052-F6E6-4546-AEEF-DDFF1D5CB072}.Debug|x64.ActiveCfg = Debug|x64
		{CB2E7052-F6E6-4546-AEEF-DDFF1D5CB072}.Debug|x64.Build.0 = Debug|x64
		{CB2E7052-F6E6-4546-AEEF-DDFF1D5CB072}.Debug|x86.ActiveCfg = Debug|Win32
		{CB2E7052-F6E6-4546-AEEF-DDFF1D5CB072}.Debug|x86.Build.0 = Debug|Win32
		{CB2E7052-F6E6-4546-AEEF-DDFF1D5CB072}.Release|x64.ActiveCfg = Release|x64
		{CB2E7052-F6E6-4546-AEEF-DDFF1D5CB072}.Release|x64.Build.0 = Release|x64
		{CB2E7052-F6E6-4546-AEEF-DDFF1D5CB072}.Release|x86.ActiveCfg = Release|Win32
		{CB2E7052-F6E6-4546-AEEF-DDFF1D5CB072}.Release|x86.Build.0 = Release|Win32
		{0B90EA6B-B7E2-46A3-9FC2-482231F93166}.Debug|x64.ActiveCfg = Debug|x64
		{0B90EA6B-B7E2-46A3-9FC2-482231F93166}.Debug|x64.Build.0 = Debug|x64
		{0B90EA6B-B7E2-46A3-9FC2-482231F93166}.Debug|x86.ActiveCfg = Debug|Win32
		{0B90EA6B-B7E2-46A3-9FC2-482231F93166}.Debug|x86.Build.0 = Debug|Win32
		{0B90EA6B-B7E2-46A3-9FC2-482231F93166}.Release|x64.ActiveCfg = Release|x64
		{0B90EA6B-B7E2-46A3-9FC2-482231F93166}.Release|x64.Build.0 = Release|x64
		{0B90EA6B-B7E2-46A3-9FC2-482231F93166}.Release|x86.ActiveCfg = Release|Win32
		{0B90EA6B-B7E2-46A3-9FC2-482231F93166}.Release|x86.Build.0 = Release|Win32
		{CA24838E-DA21-4D5E-BA8F-2AC687D9FB21}.Debug|x64.ActiveCfg = Debug|x64
		{CA24838E-DA21-4D5E-BA8F-2AC687D9FB21}.Debug|x64.Build.0 = Debug|x64
		{CA24838E-DA21-4D5E-BA8F-2AC687D9FB21}.Debug|x86.ActiveCfg = Debug|Win32
		{CA24838E-DA21-4D5E-BA8F-2AC687D9FB21}.Debug|x86.Build.0 = Debug|Win32
		{CA24838E-DA21-4D5E-BA8F-2AC687D9FB21}.Release|x64.ActiveCfg = Release|x64
		{CA24838E-DA21-4D5E-BA8F-2AC687D9FB21}.Release|x64.Build.0 = Release|x64
		{CA24838E-DA21-4D5E-BA8F-2AC687D9FB21}.Release|x86.ActiveCfg = Release|Win32
		{CA24838E-DA21-4D5E-BA8F-2AC687D9FB21}.Release|x86.Build.0 = Release|Win32
		{E8B12D25-C8B0-4D3A-8029-5335E28E2D4E}.Debug|x64.ActiveCfg = Debug|x64
		{E8B12D25-C8B0-4D3A-8029-5335E28E2D4E}.Debug|x64.Build.0 = Debug|x64
		{E8B12D25-C8B0-4D3A-8029-5335E28E2D4E}.Debug|x86.ActiveCfg = Debug|Win32
		{E8B12D25-C8B0-4D3A-8029-5335E28E2D4E}.Debug|x86.Build.0 = Debug|Win32
		{E8B12D25-C8B0-4D3A-8029-5335E28E2D4E}.Release|x64.ActiveCfg = Release|x64
		{E8B12D25-C8B0-4D3A-8029-5335E28E2D4E}.Release|x64.Build.0 = Release|x64
		{E8B12D25-C8B0-4D3A-8029-5335E28E2D4E}.Release|x86.ActiveCfg = Release|Win32
		{E8B12D25-C8B0-4D3A-8029-5335E28E2D4E}.Release|x86.Build.0 = Release|Win32
		{03ADA256-BD6C-4A51-BA9B-E4DD250826BA}.Debug|x64.ActiveCfg = Debug|x64
		{03ADA256-BD6C-4A51-BA9B-E4DD250826BA}.Debug|x64.Build.0 = Debug|x64
		{03ADA256-BD6C-4A51-BA9B-E4DD250826BA}.Debug|x86.ActiveCfg = Debug|Win32
		{03ADA256-BD6C-4A51-BA9B-E4DD250826BA}.Debug|x86.Build.0 = Debug|Win32
		{03ADA256-BD6C-4A51-BA9B-E4DD250826BA}.Release|x64.ActiveCfg = Release|x64
		{03ADA256-BD6C-4A51-BA9B-E4DD250826BA}.Release|x64.Build.0 = Release|x64
		{03ADA256-BD6C-4A51-BA9B-E4DD250826BA}.Release|x86.ActiveCfg = Release|Win32
		{03ADA256-BD6C-4A51-BA9B-E4DD250826BA}.Release|x86.Build.0 = Release|Win32
		{F4984C9F-5B19-4E2C-A0C8-76FD75251DDC}.Debug|x64.ActiveCfg = Debug|x64
		{F4984C9F-5B19-4E2C-A0C8-76FD75251DDC}.Debug|x64.Build.0 = Debug|x64
		{F4984C9F-5B19-4E2C-A0C8-76FD75251DDC}.Debug|x86.ActiveCfg = Debug|Win32
		{F4984C9F-5B19-4E2C-A0C8-76FD75251DDC}.Debug|x86.Build.0 = Debug|Win32
		{F4984C9F-5B19-4E2C-A0C8-76FD75251DDC}.Release|x64.ActiveCfg = Release|x64
		{F4984C9F-5B19-4E2C-A0C8-76FD75251DDC}.Release|x64.Build.0 = Release|x64
		{F4984C9F-5B19-4E2C-A0C8-76FD75251DDC}.Release|x86.ActiveCfg = Release|Win32
		{F4984C9F-5B19-4E2C-A0C8-76FD75251DDC}.Release|x86.Build.0 = Release|Win32
	EndGlobalSection
	GlobalSection(SolutionProperties) = preSolution
		HideSolutionNode = FALSE
	EndGlobalSection
	GlobalSection(ExtensibilityGlobals) = postSolution
		SolutionGuid = {464C638C-D9A9-4D60-95D4-F97275639AAE}
	EndGlobalSection
EndGlobal
