<?xml version="1.0" encoding="utf-8"?>
<Project ToolsVersion="4.0" xmlns="http://schemas.microsoft.com/developer/msbuild/2003">
  <ItemGroup>
    <Filter Include="Main">
      <UniqueIdentifier>{d1c43f04-49e0-44dc-84c1-776fc2243a33}</UniqueIdentifier>
    </Filter>
  </ItemGroup>
  <ItemGroup>
    <ClInclude Include="Main\EngineApp.hpp">
      <Filter>Main</Filter>
    </ClInclude>
    <ClInclude Include="EngineInterface.hpp" />
  </ItemGroup>
  <ItemGroup>
    <ClCompile Include="Main\EngineApp.cpp">
      <Filter>Main</Filter>
    </ClCompile>
    <ClCompile Include="EngineInterface.cpp" />
  </ItemGroup>
  <ItemGroup>
    <None Include="EngineInterfaceDefinitions.inl" />
  </ItemGroup>
</Project>