<?xml version="1.0" encoding="utf-8"?>
<Project ToolsVersion="4.0" xmlns="http://schemas.microsoft.com/developer/msbuild/2003">
  <ItemGroup>
    <Filter Include="Math">
      <UniqueIdentifier>{8671e138-4294-4c34-a294-1f42e84d9dbe}</UniqueIdentifier>
    </Filter>
    <Filter Include="Containers">
      <UniqueIdentifier>{79158e67-b52c-477f-a463-c079ef254354}</UniqueIdentifier>
    </Filter>
    <Filter Include="EventSystem">
      <UniqueIdentifier>{c4b1a0ce-0dd7-43a8-996b-6ebd7225f608}</UniqueIdentifier>
    </Filter>
  </ItemGroup>
  <ItemGroup>
    <ClInclude Include="Math\AtomicVector2.hpp">
      <Filter>Math</Filter>
    </ClInclude>
    <ClInclude Include="Containers\AnyCallableHandler.hpp">
      <Filter>Containers</Filter>
    </ClInclude>
    <ClInclude Include="Containers\AnyCallable.hpp">
      <Filter>Containers</Filter>
    </ClInclude>
    <ClInclude Include="EventSystem\DispatcherInterface.hpp">
      <Filter>EventSystem</Filter>
    </ClInclude>
    <ClInclude Include="EventSystem\Dispatcher.hpp">
      <Filter>EventSystem</Filter>
    </ClInclude>
    <ClInclude Include="EventSystem\EventManager.hpp">
      <Filter>EventSystem</Filter>
    </ClInclude>
    <ClInclude Include="Time.hpp" />
  </ItemGroup>
  <ItemGroup>
    <None Include="Math\AtomicVector2.inl">
      <Filter>Math</Filter>
    </None>
    <None Include="Containers\AnyCallable.inl">
      <Filter>Containers</Filter>
    </None>
    <None Include="EventSystem\Dispatcher.inl">
      <Filter>EventSystem</Filter>
    </None>
    <None Include="EventSystem\EventManager.inl">
      <Filter>EventSystem</Filter>
    </None>
  </ItemGroup>
  <ItemGroup>
    <ClCompile Include="Containers\AnyCallableHandler.cpp">
      <Filter>Containers</Filter>
    </ClCompile>
    <ClCompile Include="EventSystem\EventManager.cpp">
      <Filter>EventSystem</Filter>
    </ClCompile>
    <ClCompile Include="Time.cpp" />
  </ItemGroup>
</Project>