<?xml version="1.0" encoding="utf-8"?>
<Project ToolsVersion="4.0" xmlns="http://schemas.microsoft.com/developer/msbuild/2003">
  <ItemGroup>
    <Filter Include="Math">
      <UniqueIdentifier>{8671e138-4294-4c34-a294-1f42e84d9dbe}</UniqueIdentifier>
    </Filter>
    <Filter Include="Containers">
      <UniqueIdentifier>{79158e67-b52c-477f-a463-c079ef254354}</UniqueIdentifier>
    </Filter>
    <Filter Include="EventSystem">
      <UniqueIdentifier>{c4b1a0ce-0dd7-43a8-996b-6ebd7225f608}</UniqueIdentifier>
    </Filter>
    <Filter Include="Time">
      <UniqueIdentifier>{9eb95695-c8b4-4869-a605-2d557a544fca}</UniqueIdentifier>
    </Filter>
    <Filter Include="Containers\RingBuffer">
      <UniqueIdentifier>{9d95cbd6-cb4d-48fa-b53c-49e454ef3fe1}</UniqueIdentifier>
    </Filter>
    <Filter Include="Containers\AnyCallable">
      <UniqueIdentifier>{b9db2a38-810b-4b20-b93f-1a71db857693}</UniqueIdentifier>
    </Filter>
  </ItemGroup>
  <ItemGroup>
    <ClInclude Include="Math\AtomicVector2.hpp">
      <Filter>Math</Filter>
    </ClInclude>
    <ClInclude Include="EventSystem\DispatcherInterface.hpp">
      <Filter>EventSystem</Filter>
    </ClInclude>
    <ClInclude Include="EventSystem\Dispatcher.hpp">
      <Filter>EventSystem</Filter>
    </ClInclude>
    <ClInclude Include="EventSystem\EventManager.hpp">
      <Filter>EventSystem</Filter>
    </ClInclude>
    <ClInclude Include="Time\Time.hpp">
      <Filter>Time</Filter>
    </ClInclude>
    <ClInclude Include="Time\TimeSpan.hpp">
      <Filter>Time</Filter>
    </ClInclude>
    <ClInclude Include="Containers\AnyCallable\AnyCallable.hpp">
      <Filter>Containers\AnyCallable</Filter>
    </ClInclude>
    <ClInclude Include="Containers\AnyCallable\AnyCallableHandler.hpp">
      <Filter>Containers\AnyCallable</Filter>
    </ClInclude>
    <ClInclude Include="Containers\RingBuffer\RingBuffer.hpp">
      <Filter>Containers\RingBuffer</Filter>
    </ClInclude>
    <ClInclude Include="Containers\RingBuffer\RingBufferIterator.hpp">
      <Filter>Containers\RingBuffer</Filter>
    </ClInclude>
    <ClInclude Include="Containers\RingBuffer\RingBufferReverseIterator.hpp">
      <Filter>Containers\RingBuffer</Filter>
    </ClInclude>
  </ItemGroup>
  <ItemGroup>
    <None Include="Math\AtomicVector2.inl">
      <Filter>Math</Filter>
    </None>
    <None Include="EventSystem\Dispatcher.inl">
      <Filter>EventSystem</Filter>
    </None>
    <None Include="EventSystem\EventManager.inl">
      <Filter>EventSystem</Filter>
    </None>
    <None Include="Containers\AnyCallable\AnyCallable.inl">
      <Filter>Containers\AnyCallable</Filter>
    </None>
    <None Include="Containers\RingBuffer\RingBuffer.inl">
      <Filter>Containers\RingBuffer</Filter>
    </None>
    <None Include="Containers\RingBuffer\RingBufferIterator.inl">
      <Filter>Containers\RingBuffer</Filter>
    </None>
    <None Include="Containers\RingBuffer\RingBufferReverseIterator.inl">
      <Filter>Containers\RingBuffer</Filter>
    </None>
  </ItemGroup>
  <ItemGroup>
    <ClCompile Include="EventSystem\EventManager.cpp">
      <Filter>EventSystem</Filter>
    </ClCompile>
    <ClCompile Include="Time\Time.cpp">
      <Filter>Time</Filter>
    </ClCompile>
    <ClCompile Include="Time\TimeSpan.cpp">
      <Filter>Time</Filter>
    </ClCompile>
    <ClCompile Include="Containers\AnyCallable\AnyCallableHandler.cpp">
      <Filter>Containers\AnyCallable</Filter>
    </ClCompile>
  </ItemGroup>
</Project>