<?xml version="1.0" encoding="utf-8"?>
<Project ToolsVersion="4.0" xmlns="http://schemas.microsoft.com/developer/msbuild/2003">
  <ItemGroup>
    <Filter Include="Input">
      <UniqueIdentifier>{221d2dcc-2657-45d0-b524-99d8bec04391}</UniqueIdentifier>
    </Filter>
    <Filter Include="Input\Devices">
      <UniqueIdentifier>{76c9e8ad-2756-4fa1-aa34-088cbbc59006}</UniqueIdentifier>
    </Filter>
    <Filter Include="Input\Managers">
      <UniqueIdentifier>{73935766-c8b6-4602-844e-6fedcd08c7f8}</UniqueIdentifier>
    </Filter>
    <Filter Include="Utility">
      <UniqueIdentifier>{a70f62db-23e4-4e28-bf77-c313b147cd27}</UniqueIdentifier>
    </Filter>
    <Filter Include="Utility\Containers">
      <UniqueIdentifier>{e471b640-a82b-4776-a8bf-b5feb0deaa68}</UniqueIdentifier>
    </Filter>
  </ItemGroup>
  <ItemGroup>
    <ClCompile Include="Input\KeyStateHandlerTests.cpp">
      <Filter>Input</Filter>
    </ClCompile>
    <ClCompile Include="Input\JoystickDeviceTests.cpp">
      <Filter>Input\Devices</Filter>
    </ClCompile>
    <ClCompile Include="Input\KeyboardDeviceTests.cpp">
      <Filter>Input\Devices</Filter>
    </ClCompile>
    <ClCompile Include="Input\MouseDeviceTests.cpp">
      <Filter>Input\Devices</Filter>
    </ClCompile>
    <ClCompile Include="Input\InputDeviceManagerTests.cpp">
      <Filter>Input\Managers</Filter>
    </ClCompile>
    <ClCompile Include="Utility\Containers\RingBufferTests.cpp">
      <Filter>Utility\Containers</Filter>
    </ClCompile>
  </ItemGroup>
</Project>