<?xml version="1.0" encoding="utf-8"?>
<Project ToolsVersion="4.0" xmlns="http://schemas.microsoft.com/developer/msbuild/2003">
  <ItemGroup>
    <Filter Include="Utility">
      <UniqueIdentifier>{a70f62db-23e4-4e28-bf77-c313b147cd27}</UniqueIdentifier>
    </Filter>
    <Filter Include="Utility\Containers">
      <UniqueIdentifier>{e471b640-a82b-4776-a8bf-b5feb0deaa68}</UniqueIdentifier>
    </Filter>
  </ItemGroup>
  <ItemGroup>
    <ClCompile Include="Utility\Containers\RingBufferTests.cpp">
      <Filter>Utility\Containers</Filter>
    </ClCompile>
    <ClCompile Include="Utility\Containers\LockFreeLinkedQueueTests.cpp">
      <Filter>Utility\Containers</Filter>
    </ClCompile>
  </ItemGroup>
</Project>