<?xml version="1.0" encoding="utf-8"?>
<Project ToolsVersion="4.0" xmlns="http://schemas.microsoft.com/developer/msbuild/2003">
  <ItemGroup>
    <Filter Include="Components">
      <UniqueIdentifier>{b4723710-f19f-4cdf-a065-7a98a5fa867a}</UniqueIdentifier>
    </Filter>
    <Filter Include="Scene">
      <UniqueIdentifier>{665a9415-d0fc-4a40-bb13-a03a8af68e2b}</UniqueIdentifier>
    </Filter>
  </ItemGroup>
  <ItemGroup>
    <ClInclude Include="Components\TransformComponent.hpp">
      <Filter>Components</Filter>
    </ClInclude>
    <ClInclude Include="Components\RenderableComponent.hpp">
      <Filter>Components</Filter>
    </ClInclude>
    <ClInclude Include="Components\BaseComponent.hpp">
      <Filter>Components</Filter>
    </ClInclude>
    <ClInclude Include="Scene\SceneObject.hpp">
      <Filter>Scene</Filter>
    </ClInclude>
    <ClInclude Include="Scene\BaseScene.hpp">
      <Filter>Scene</Filter>
    </ClInclude>
  </ItemGroup>
  <ItemGroup>
    <ClCompile Include="Components\TransformComponent.cpp">
      <Filter>Components</Filter>
    </ClCompile>
    <ClCompile Include="Components\RenderableComponent.cpp">
      <Filter>Components</Filter>
    </ClCompile>
    <ClCompile Include="Components\BaseComponent.cpp">
      <Filter>Components</Filter>
    </ClCompile>
    <ClCompile Include="Scene\SceneObject.cpp">
      <Filter>Scene</Filter>
    </ClCompile>
    <ClCompile Include="Scene\BaseScene.cpp">
      <Filter>Scene</Filter>
    </ClCompile>
  </ItemGroup>
  <ItemGroup>
    <None Include="Scene\SceneObject.inl">
      <Filter>Scene</Filter>
    </None>
  </ItemGroup>
</Project>